
Microsoft Visual Studio Solution File, Format Version 12.00
# Visual Studio Version 17
VisualStudioVersion = 17.11.35222.181
MinimumVisualStudioVersion = 10.0.40219.1
Project("{54A90642-561A-4BB1-A94E-469ADEE60C69}") = "StudentManagementSystem", "StudentManagementSystem\StudentManagementSystem.esproj", "{DD1E3E6D-D74D-48A5-A871-AA9152DA1065}"
EndProject
Global
	GlobalSection(SolutionConfigurationPlatforms) = preSolution
		Debug|Any CPU = Debug|Any CPU
		Release|Any CPU = Release|Any CPU
	EndGlobalSection
	GlobalSection(ProjectConfigurationPlatforms) = postSolution
		{DD1E3E6D-D74D-48A5-A871-AA9152DA1065}.Debug|Any CPU.ActiveCfg = Debug|Any CPU
		{DD1E3E6D-D74D-48A5-A871-AA9152DA1065}.Debug|Any CPU.Build.0 = Debug|Any CPU
		{DD1E3E6D-D74D-48A5-A871-AA9152DA1065}.Debug|Any CPU.Deploy.0 = Debug|Any CPU
		{DD1E3E6D-D74D-48A5-A871-AA9152DA1065}.Release|Any CPU.ActiveCfg = Release|Any CPU
		{DD1E3E6D-D74D-48A5-A871-AA9152DA1065}.Release|Any CPU.Build.0 = Release|Any CPU
		{DD1E3E6D-D74D-48A5-A871-AA9152DA1065}.Release|Any CPU.Deploy.0 = Release|Any CPU
	EndGlobalSection
	GlobalSection(SolutionProperties) = preSolution
		HideSolutionNode = FALSE
	EndGlobalSection
	GlobalSection(ExtensibilityGlobals) = postSolution
		SolutionGuid = {E98F3DE7-CF0F-4BD7-9F62-CA1AC594D503}
	EndGlobalSection
EndGlobal
